// !$*UTF8*$!
{
	archiveVersion = 1;
	classes = {
	};
	objectVersion = 46;
	objects = {

/* Begin PBXBuildFile section */
		387B3F611E2895EA00891E37 /* Line.swift in Sources */ = {isa = PBXBuildFile; fileRef = 387B3F601E2895EA00891E37 /* Line.swift */; };
		387B3F631E28999E00891E37 /* DrawView.swift in Sources */ = {isa = PBXBuildFile; fileRef = 387B3F621E28999E00891E37 /* DrawView.swift */; };
		38AF127E1E27ABA100AC58EC /* AppDelegate.swift in Sources */ = {isa = PBXBuildFile; fileRef = 38AF127D1E27ABA100AC58EC /* AppDelegate.swift */; };
		38AF12801E27ABA100AC58EC /* ViewController.swift in Sources */ = {isa = PBXBuildFile; fileRef = 38AF127F1E27ABA100AC58EC /* ViewController.swift */; };
		38AF12831E27ABA100AC58EC /* Main.storyboard in Resources */ = {isa = PBXBuildFile; fileRef = 38AF12811E27ABA100AC58EC /* Main.storyboard */; };
		38AF12851E27ABA100AC58EC /* Assets.xcassets in Resources */ = {isa = PBXBuildFile; fileRef = 38AF12841E27ABA100AC58EC /* Assets.xcassets */; };
		38AF12881E27ABA100AC58EC /* LaunchScreen.storyboard in Resources */ = {isa = PBXBuildFile; fileRef = 38AF12861E27ABA100AC58EC /* LaunchScreen.storyboard */; };
/* End PBXBuildFile section */

/* Begin PBXFileReference section */
		387B3F601E2895EA00891E37 /* Line.swift */ = {isa = PBXFileReference; fileEncoding = 4; lastKnownFileType = sourcecode.swift; path = Line.swift; sourceTree = "<group>"; };
		387B3F621E28999E00891E37 /* DrawView.swift */ = {isa = PBXFileReference; fileEncoding = 4; lastKnownFileType = sourcecode.swift; path = DrawView.swift; sourceTree = "<group>"; };
		38AF127A1E27ABA100AC58EC /* TouchTracker.app */ = {isa = PBXFileReference; explicitFileType = wrapper.application; includeInIndex = 0; path = TouchTracker.app; sourceTree = BUILT_PRODUCTS_DIR; };
		38AF127D1E27ABA100AC58EC /* AppDelegate.swift */ = {isa = PBXFileReference; lastKnownFileType = sourcecode.swift; path = AppDelegate.swift; sourceTree = "<group>"; };
		38AF127F1E27ABA100AC58EC /* ViewController.swift */ = {isa = PBXFileReference; lastKnownFileType = sourcecode.swift; path = ViewController.swift; sourceTree = "<group>"; };
		38AF12821E27ABA100AC58EC /* Base */ = {isa = PBXFileReference; lastKnownFileType = file.storyboard; name = Base; path = Base.lproj/Main.storyboard; sourceTree = "<group>"; };
		38AF12841E27ABA100AC58EC /* Assets.xcassets */ = {isa = PBXFileReference; lastKnownFileType = folder.assetcatalog; path = Assets.xcassets; sourceTree = "<group>"; };
		38AF12871E27ABA100AC58EC /* Base */ = {isa = PBXFileReference; lastKnownFileType = file.storyboard; name = Base; path = Base.lproj/LaunchScreen.storyboard; sourceTree = "<group>"; };
		38AF12891E27ABA100AC58EC /* Info.plist */ = {isa = PBXFileReference; lastKnownFileType = text.plist.xml; path = Info.plist; sourceTree = "<group>"; };
/* End PBXFileReference section */

/* Begin PBXFrameworksBuildPhase section */
		38AF12771E27ABA100AC58EC /* Frameworks */ = {
			isa = PBXFrameworksBuildPhase;
			buildActionMask = 2147483647;
			files = (
			);
			runOnlyForDeploymentPostprocessing = 0;
		};
/* End PBXFrameworksBuildPhase section */

/* Begin PBXGroup section */
		38AF12711E27ABA100AC58EC = {
			isa = PBXGroup;
			children = (
				38AF127C1E27ABA100AC58EC /* TouchTracker */,
				38AF127B1E27ABA100AC58EC /* Products */,
			);
			sourceTree = "<group>";
		};
		38AF127B1E27ABA100AC58EC /* Products */ = {
			isa = PBXGroup;
			children = (
				38AF127A1E27ABA100AC58EC /* TouchTracker.app */,
			);
			name = Products;
			sourceTree = "<group>";
		};
		38AF127C1E27ABA100AC58EC /* TouchTracker */ = {
			isa = PBXGroup;
			children = (
				38AF127D1E27ABA100AC58EC /* AppDelegate.swift */,
				38AF127F1E27ABA100AC58EC /* ViewController.swift */,
				387B3F601E2895EA00891E37 /* Line.swift */,
				387B3F621E28999E00891E37 /* DrawView.swift */,
				38AF12811E27ABA100AC58EC /* Main.storyboard */,
				38AF12841E27ABA100AC58EC /* Assets.xcassets */,
				38AF12861E27ABA100AC58EC /* LaunchScreen.storyboard */,
				38AF12891E27ABA100AC58EC /* Info.plist */,
			);
			path = TouchTracker;
			sourceTree = "<group>";
		};
/* End PBXGroup section */

/* Begin PBXNativeTarget section */
		38AF12791E27ABA100AC58EC /* TouchTracker */ = {
			isa = PBXNativeTarget;
			buildConfigurationList = 38AF128C1E27ABA100AC58EC /* Build configuration list for PBXNativeTarget "TouchTracker" */;
			buildPhases = (
				38AF12761E27ABA100AC58EC /* Sources */,
				38AF12771E27ABA100AC58EC /* Frameworks */,
				38AF12781E27ABA100AC58EC /* Resources */,
			);
			buildRules = (
			);
			dependencies = (
			);
			name = TouchTracker;
			productName = TouchTracker;
			productReference = 38AF127A1E27ABA100AC58EC /* TouchTracker.app */;
			productType = "com.apple.product-type.application";
		};
/* End PBXNativeTarget section */

/* Begin PBXProject section */
		38AF12721E27ABA100AC58EC /* Project object */ = {
			isa = PBXProject;
			attributes = {
				LastSwiftUpdateCheck = 0800;
				LastUpgradeCheck = 0800;
				ORGANIZATIONNAME = "jyotishankar sahoo";
				TargetAttributes = {
					38AF12791E27ABA100AC58EC = {
						CreatedOnToolsVersion = 8.0;
						ProvisioningStyle = Automatic;
					};
				};
			};
			buildConfigurationList = 38AF12751E27ABA100AC58EC /* Build configuration list for PBXProject "TouchTracker" */;
			compatibilityVersion = "Xcode 3.2";
			developmentRegion = English;
			hasScannedForEncodings = 0;
			knownRegions = (
				en,
				Base,
			);
			mainGroup = 38AF12711E27ABA100AC58EC;
			productRefGroup = 38AF127B1E27ABA100AC58EC /* Products */;
			projectDirPath = "";
			projectRoot = "";
			targets = (
				38AF12791E27ABA100AC58EC /* TouchTracker */,
			);
		};
/* End PBXProject section */

/* Begin PBXResourcesBuildPhase section */
		38AF12781E27ABA100AC58EC /* Resources */ = {
			isa = PBXResourcesBuildPhase;
			buildActionMask = 2147483647;
			files = (
				38AF12881E27ABA100AC58EC /* LaunchScreen.storyboard in Resources */,
				38AF12851E27ABA100AC58EC /* Assets.xcassets in Resources */,
				38AF12831E27ABA100AC58EC /* Main.storyboard in Resources */,
			);
			runOnlyForDeploymentPostprocessing = 0;
		};
/* End PBXResourcesBuildPhase section */

/* Begin PBXSourcesBuildPhase section */
		38AF12761E27ABA100AC58EC /* Sources */ = {
			isa = PBXSourcesBuildPhase;
			buildActionMask = 2147483647;
			files = (
				387B3F611E2895EA00891E37 /* Line.swift in Sources */,
				38AF12801E27ABA100AC58EC /* ViewController.swift in Sources */,
				387B3F631E28999E00891E37 /* DrawView.swift in Sources */,
				38AF127E1E27ABA100AC58EC /* AppDelegate.swift in Sources */,
			);
			runOnlyForDeploymentPostprocessing = 0;
		};
/* End PBXSourcesBuildPhase section */

/* Begin PBXVariantGroup section */
		38AF12811E27ABA100AC58EC /* Main.storyboard */ = {
			isa = PBXVariantGroup;
			children = (
				38AF12821E27ABA100AC58EC /* Base */,
			);
			name = Main.storyboard;
			sourceTree = "<group>";
		};
		38AF12861E27ABA100AC58EC /* LaunchScreen.storyboard */ = {
			isa = PBXVariantGroup;
			children = (
				38AF12871E27ABA100AC58EC /* Base */,
			);
			name = LaunchScreen.storyboard;
			sourceTree = "<group>";
		};
/* End PBXVariantGroup section */

/* Begin XCBuildConfiguration section */
		38AF128A1E27ABA100AC58EC /* Debug */ = {
			isa = XCBuildConfiguration;
			buildSettings = {
				ALWAYS_SEARCH_USER_PATHS = NO;
				CLANG_ANALYZER_NONNULL = YES;
				CLANG_CXX_LANGUAGE_STANDARD = "gnu++0x";
				CLANG_CXX_LIBRARY = "libc++";
				CLANG_ENABLE_MODULES = YES;
				CLANG_ENABLE_OBJC_ARC = YES;
				CLANG_WARN_BOOL_CONVERSION = YES;
				CLANG_WARN_CONSTANT_CONVERSION = YES;
				CLANG_WARN_DIRECT_OBJC_ISA_USAGE = YES_ERROR;
				CLANG_WARN_DOCUMENTATION_COMMENTS = YES;
				CLANG_WARN_EMPTY_BODY = YES;
				CLANG_WARN_ENUM_CONVERSION = YES;
				CLANG_WARN_INFINITE_RECURSION = YES;
				CLANG_WARN_INT_CONVERSION = YES;
				CLANG_WARN_OBJC_ROOT_CLASS = YES_ERROR;
				CLANG_WARN_SUSPICIOUS_MOVES = YES;
				CLANG_WARN_UNREACHABLE_CODE = YES;
				CLANG_WARN__DUPLICATE_METHOD_MATCH = YES;
				"CODE_SIGN_IDENTITY[sdk=iphoneos*]" = "iPhone Developer";
				COPY_PHASE_STRIP = NO;
				DEBUG_INFORMATION_FORMAT = dwarf;
				ENABLE_STRICT_OBJC_MSGSEND = YES;
				ENABLE_TESTABILITY = YES;
				GCC_C_LANGUAGE_STANDARD = gnu99;
				GCC_DYNAMIC_NO_PIC = NO;
				GCC_NO_COMMON_BLOCKS = YES;
				GCC_OPTIMIZATION_LEVEL = 0;
				GCC_PREPROCESSOR_DEFINITIONS = (
					"DEBUG=1",
					"$(inherited)",
				);
				GCC_WARN_64_TO_32_BIT_CONVERSION = YES;
				GCC_WARN_ABOUT_RETURN_TYPE = YES_ERROR;
				GCC_WARN_UNDECLARED_SELECTOR = YES;
				GCC_WARN_UNINITIALIZED_AUTOS = YES_AGGRESSIVE;
				GCC_WARN_UNUSED_FUNCTION = YES;
				GCC_WARN_UNUSED_VARIABLE = YES;
				IPHONEOS_DEPLOYMENT_TARGET = 10.0;
				MTL_ENABLE_DEBUG_INFO = YES;
				ONLY_ACTIVE_ARCH = YES;
				SDKROOT = iphoneos;
				SWIFT_ACTIVE_COMPILATION_CONDITIONS = DEBUG;
				SWIFT_OPTIMIZATION_LEVEL = "-Onone";
				TARGETED_DEVICE_FAMILY = "1,2";
			};
			name = Debug;
		};
		38AF128B1E27ABA100AC58EC /* Release */ = {
			isa = XCBuildConfiguration;
			buildSettings = {
				ALWAYS_SEARCH_USER_PATHS = NO;
				CLANG_ANALYZER_NONNULL = YES;
				CLANG_CXX_LANGUAGE_STANDARD = "gnu++0x";
				CLANG_CXX_LIBRARY = "libc++";
				CLANG_ENABLE_MODULES = YES;
				CLANG_ENABLE_OBJC_ARC = YES;
				CLANG_WARN_BOOL_CONVERSION = YES;
				CLANG_WARN_CONSTANT_CONVERSION = YES;
				CLANG_WARN_DIRECT_OBJC_ISA_USAGE = YES_ERROR;
				CLANG_WARN_DOCUMENTATION_COMMENTS = YES;
				CLANG_WARN_EMPTY_BODY = YES;
				CLANG_WARN_ENUM_CONVERSION = YES;
				CLANG_WARN_INFINITE_RECURSION = YES;
				CLANG_WARN_INT_CONVERSION = YES;
				CLANG_WARN_OBJC_ROOT_CLASS = YES_ERROR;
				CLANG_WARN_SUSPICIOUS_MOVES = YES;
				CLANG_WARN_UNREACHABLE_CODE = YES;
				CLANG_WARN__DUPLICATE_METHOD_MATCH = YES;
				"CODE_SIGN_IDENTITY[sdk=iphoneos*]" = "iPhone Developer";
				COPY_PHASE_STRIP = NO;
				DEBUG_INFORMATION_FORMAT = "dwarf-with-dsym";
				ENABLE_NS_ASSERTIONS = NO;
				ENABLE_STRICT_OBJC_MSGSEND = YES;
				GCC_C_LANGUAGE_STANDARD = gnu99;
				GCC_NO_COMMON_BLOCKS = YES;
				GCC_WARN_64_TO_32_BIT_CONVERSION = YES;
				GCC_WARN_ABOUT_RETURN_TYPE = YES_ERROR;
				GCC_WARN_UNDECLARED_SELECTOR = YES;
				GCC_WARN_UNINITIALIZED_AUTOS = YES_AGGRESSIVE;
				GCC_WARN_UNUSED_FUNCTION = YES;
				GCC_WARN_UNUSED_VARIABLE = YES;
				IPHONEOS_DEPLOYMENT_TARGET = 10.0;
				MTL_ENABLE_DEBUG_INFO = NO;
				SDKROOT = iphoneos;
				SWIFT_OPTIMIZATION_LEVEL = "-Owholemodule";
				TARGETED_DEVICE_FAMILY = "1,2";
				VALIDATE_PRODUCT = YES;
			};
			name = Release;
		};
		38AF128D1E27ABA100AC58EC /* Debug */ = {
			isa = XCBuildConfiguration;
			buildSettings = {
				ASSETCATALOG_COMPILER_APPICON_NAME = AppIcon;
				INFOPLIST_FILE = TouchTracker/Info.plist;
				LD_RUNPATH_SEARCH_PATHS = "$(inherited) @executable_path/Frameworks";
				PRODUCT_BUNDLE_IDENTIFIER = com.Jyoti.TouchTracker;
				PRODUCT_NAME = "$(TARGET_NAME)";
				SWIFT_VERSION = 3.0;
			};
			name = Debug;
		};
		38AF128E1E27ABA100AC58EC /* Release */ = {
			isa = XCBuildConfiguration;
			buildSettings = {
				ASSETCATALOG_COMPILER_APPICON_NAME = AppIcon;
				INFOPLIST_FILE = TouchTracker/Info.plist;
				LD_RUNPATH_SEARCH_PATHS = "$(inherited) @executable_path/Frameworks";
				PRODUCT_BUNDLE_IDENTIFIER = com.Jyoti.TouchTracker;
				PRODUCT_NAME = "$(TARGET_NAME)";
				SWIFT_VERSION = 3.0;
			};
			name = Release;
		};
/* End XCBuildConfiguration section */

/* Begin XCConfigurationList section */
		38AF12751E27ABA100AC58EC /* Build configuration list for PBXProject "TouchTracker" */ = {
			isa = XCConfigurationList;
			buildConfigurations = (
				38AF128A1E27ABA100AC58EC /* Debug */,
				38AF128B1E27ABA100AC58EC /* Release */,
			);
			defaultConfigurationIsVisible = 0;
			defaultConfigurationName = Release;
		};
		38AF128C1E27ABA100AC58EC /* Build configuration list for PBXNativeTarget "TouchTracker" */ = {
			isa = XCConfigurationList;
			buildConfigurations = (
				38AF128D1E27ABA100AC58EC /* Debug */,
				38AF128E1E27ABA100AC58EC /* Release */,
			);
			defaultConfigurationIsVisible = 0;
			defaultConfigurationName = Release;
		};
/* End XCConfigurationList section */
	};
	rootObject = 38AF12721E27ABA100AC58EC /* Project object */;
}
