// !$*UTF8*$!
{
	archiveVersion = 1;
	classes = {
	};
	objectVersion = 46;
	objects = {

/* Begin PBXBuildFile section */
		38F554D91D3DFD08008F0621 /* AppDelegate.swift in Sources */ = {isa = PBXBuildFile; fileRef = 38F554D81D3DFD08008F0621 /* AppDelegate.swift */; };
		38F554DB1D3DFD08008F0621 /* ViewController.swift in Sources */ = {isa = PBXBuildFile; fileRef = 38F554DA1D3DFD08008F0621 /* ViewController.swift */; };
		38F554DE1D3DFD08008F0621 /* Main.storyboard in Resources */ = {isa = PBXBuildFile; fileRef = 38F554DC1D3DFD08008F0621 /* Main.storyboard */; };
		38F554E01D3DFD08008F0621 /* Assets.xcassets in Resources */ = {isa = PBXBuildFile; fileRef = 38F554DF1D3DFD08008F0621 /* Assets.xcassets */; };
		38F554E31D3DFD08008F0621 /* LaunchScreen.storyboard in Resources */ = {isa = PBXBuildFile; fileRef = 38F554E11D3DFD08008F0621 /* LaunchScreen.storyboard */; };
		38F554EB1D3E0CF2008F0621 /* Station.swift in Sources */ = {isa = PBXBuildFile; fileRef = 38F554EA1D3E0CF2008F0621 /* Station.swift */; };
/* End PBXBuildFile section */

/* Begin PBXFileReference section */
		38F554D51D3DFD08008F0621 /* URLsessionSample.app */ = {isa = PBXFileReference; explicitFileType = wrapper.application; includeInIndex = 0; path = URLsessionSample.app; sourceTree = BUILT_PRODUCTS_DIR; };
		38F554D81D3DFD08008F0621 /* AppDelegate.swift */ = {isa = PBXFileReference; lastKnownFileType = sourcecode.swift; path = AppDelegate.swift; sourceTree = "<group>"; };
		38F554DA1D3DFD08008F0621 /* ViewController.swift */ = {isa = PBXFileReference; lastKnownFileType = sourcecode.swift; path = ViewController.swift; sourceTree = "<group>"; };
		38F554DD1D3DFD08008F0621 /* Base */ = {isa = PBXFileReference; lastKnownFileType = file.storyboard; name = Base; path = Base.lproj/Main.storyboard; sourceTree = "<group>"; };
		38F554DF1D3DFD08008F0621 /* Assets.xcassets */ = {isa = PBXFileReference; lastKnownFileType = folder.assetcatalog; path = Assets.xcassets; sourceTree = "<group>"; };
		38F554E21D3DFD08008F0621 /* Base */ = {isa = PBXFileReference; lastKnownFileType = file.storyboard; name = Base; path = Base.lproj/LaunchScreen.storyboard; sourceTree = "<group>"; };
		38F554E41D3DFD08008F0621 /* Info.plist */ = {isa = PBXFileReference; lastKnownFileType = text.plist.xml; path = Info.plist; sourceTree = "<group>"; };
		38F554EA1D3E0CF2008F0621 /* Station.swift */ = {isa = PBXFileReference; fileEncoding = 4; lastKnownFileType = sourcecode.swift; path = Station.swift; sourceTree = "<group>"; };
/* End PBXFileReference section */

/* Begin PBXFrameworksBuildPhase section */
		38F554D21D3DFD08008F0621 /* Frameworks */ = {
			isa = PBXFrameworksBuildPhase;
			buildActionMask = 2147483647;
			files = (
			);
			runOnlyForDeploymentPostprocessing = 0;
		};
/* End PBXFrameworksBuildPhase section */

/* Begin PBXGroup section */
		38F554CC1D3DFD08008F0621 = {
			isa = PBXGroup;
			children = (
				38F554D71D3DFD08008F0621 /* URLsessionSample */,
				38F554D61D3DFD08008F0621 /* Products */,
			);
			sourceTree = "<group>";
		};
		38F554D61D3DFD08008F0621 /* Products */ = {
			isa = PBXGroup;
			children = (
				38F554D51D3DFD08008F0621 /* URLsessionSample.app */,
			);
			name = Products;
			sourceTree = "<group>";
		};
		38F554D71D3DFD08008F0621 /* URLsessionSample */ = {
			isa = PBXGroup;
			children = (
				38F554D81D3DFD08008F0621 /* AppDelegate.swift */,
				38F554DA1D3DFD08008F0621 /* ViewController.swift */,
				38F554EA1D3E0CF2008F0621 /* Station.swift */,
				38F554DC1D3DFD08008F0621 /* Main.storyboard */,
				38F554DF1D3DFD08008F0621 /* Assets.xcassets */,
				38F554E11D3DFD08008F0621 /* LaunchScreen.storyboard */,
				38F554E41D3DFD08008F0621 /* Info.plist */,
			);
			path = URLsessionSample;
			sourceTree = "<group>";
		};
/* End PBXGroup section */

/* Begin PBXNativeTarget section */
		38F554D41D3DFD08008F0621 /* URLsessionSample */ = {
			isa = PBXNativeTarget;
			buildConfigurationList = 38F554E71D3DFD09008F0621 /* Build configuration list for PBXNativeTarget "URLsessionSample" */;
			buildPhases = (
				38F554D11D3DFD08008F0621 /* Sources */,
				38F554D21D3DFD08008F0621 /* Frameworks */,
				38F554D31D3DFD08008F0621 /* Resources */,
			);
			buildRules = (
			);
			dependencies = (
			);
			name = URLsessionSample;
			productName = URLsessionSample;
			productReference = 38F554D51D3DFD08008F0621 /* URLsessionSample.app */;
			productType = "com.apple.product-type.application";
		};
/* End PBXNativeTarget section */

/* Begin PBXProject section */
		38F554CD1D3DFD08008F0621 /* Project object */ = {
			isa = PBXProject;
			attributes = {
				LastSwiftUpdateCheck = 0730;
				LastUpgradeCheck = 0730;
				ORGANIZATIONNAME = "jyotishankar sahoo";
				TargetAttributes = {
					38F554D41D3DFD08008F0621 = {
						CreatedOnToolsVersion = 7.3.1;
					};
				};
			};
			buildConfigurationList = 38F554D01D3DFD08008F0621 /* Build configuration list for PBXProject "URLsessionSample" */;
			compatibilityVersion = "Xcode 3.2";
			developmentRegion = English;
			hasScannedForEncodings = 0;
			knownRegions = (
				en,
				Base,
			);
			mainGroup = 38F554CC1D3DFD08008F0621;
			productRefGroup = 38F554D61D3DFD08008F0621 /* Products */;
			projectDirPath = "";
			projectRoot = "";
			targets = (
				38F554D41D3DFD08008F0621 /* URLsessionSample */,
			);
		};
/* End PBXProject section */

/* Begin PBXResourcesBuildPhase section */
		38F554D31D3DFD08008F0621 /* Resources */ = {
			isa = PBXResourcesBuildPhase;
			buildActionMask = 2147483647;
			files = (
				38F554E31D3DFD08008F0621 /* LaunchScreen.storyboard in Resources */,
				38F554E01D3DFD08008F0621 /* Assets.xcassets in Resources */,
				38F554DE1D3DFD08008F0621 /* Main.storyboard in Resources */,
			);
			runOnlyForDeploymentPostprocessing = 0;
		};
/* End PBXResourcesBuildPhase section */

/* Begin PBXSourcesBuildPhase section */
		38F554D11D3DFD08008F0621 /* Sources */ = {
			isa = PBXSourcesBuildPhase;
			buildActionMask = 2147483647;
			files = (
				38F554DB1D3DFD08008F0621 /* ViewController.swift in Sources */,
				38F554EB1D3E0CF2008F0621 /* Station.swift in Sources */,
				38F554D91D3DFD08008F0621 /* AppDelegate.swift in Sources */,
			);
			runOnlyForDeploymentPostprocessing = 0;
		};
/* End PBXSourcesBuildPhase section */

/* Begin PBXVariantGroup section */
		38F554DC1D3DFD08008F0621 /* Main.storyboard */ = {
			isa = PBXVariantGroup;
			children = (
				38F554DD1D3DFD08008F0621 /* Base */,
			);
			name = Main.storyboard;
			sourceTree = "<group>";
		};
		38F554E11D3DFD08008F0621 /* LaunchScreen.storyboard */ = {
			isa = PBXVariantGroup;
			children = (
				38F554E21D3DFD08008F0621 /* Base */,
			);
			name = LaunchScreen.storyboard;
			sourceTree = "<group>";
		};
/* End PBXVariantGroup section */

/* Begin XCBuildConfiguration section */
		38F554E51D3DFD08008F0621 /* Debug */ = {
			isa = XCBuildConfiguration;
			buildSettings = {
				ALWAYS_SEARCH_USER_PATHS = NO;
				CLANG_ANALYZER_NONNULL = YES;
				CLANG_CXX_LANGUAGE_STANDARD = "gnu++0x";
				CLANG_CXX_LIBRARY = "libc++";
				CLANG_ENABLE_MODULES = YES;
				CLANG_ENABLE_OBJC_ARC = YES;
				CLANG_WARN_BOOL_CONVERSION = YES;
				CLANG_WARN_CONSTANT_CONVERSION = YES;
				CLANG_WARN_DIRECT_OBJC_ISA_USAGE = YES_ERROR;
				CLANG_WARN_EMPTY_BODY = YES;
				CLANG_WARN_ENUM_CONVERSION = YES;
				CLANG_WARN_INT_CONVERSION = YES;
				CLANG_WARN_OBJC_ROOT_CLASS = YES_ERROR;
				CLANG_WARN_UNREACHABLE_CODE = YES;
				CLANG_WARN__DUPLICATE_METHOD_MATCH = YES;
				"CODE_SIGN_IDENTITY[sdk=iphoneos*]" = "iPhone Developer";
				COPY_PHASE_STRIP = NO;
				DEBUG_INFORMATION_FORMAT = dwarf;
				ENABLE_STRICT_OBJC_MSGSEND = YES;
				ENABLE_TESTABILITY = YES;
				GCC_C_LANGUAGE_STANDARD = gnu99;
				GCC_DYNAMIC_NO_PIC = NO;
				GCC_NO_COMMON_BLOCKS = YES;
				GCC_OPTIMIZATION_LEVEL = 0;
				GCC_PREPROCESSOR_DEFINITIONS = (
					"DEBUG=1",
					"$(inherited)",
				);
				GCC_WARN_64_TO_32_BIT_CONVERSION = YES;
				GCC_WARN_ABOUT_RETURN_TYPE = YES_ERROR;
				GCC_WARN_UNDECLARED_SELECTOR = YES;
				GCC_WARN_UNINITIALIZED_AUTOS = YES_AGGRESSIVE;
				GCC_WARN_UNUSED_FUNCTION = YES;
				GCC_WARN_UNUSED_VARIABLE = YES;
				IPHONEOS_DEPLOYMENT_TARGET = 9.3;
				MTL_ENABLE_DEBUG_INFO = YES;
				ONLY_ACTIVE_ARCH = YES;
				SDKROOT = iphoneos;
				SWIFT_OPTIMIZATION_LEVEL = "-Onone";
			};
			name = Debug;
		};
		38F554E61D3DFD08008F0621 /* Release */ = {
			isa = XCBuildConfiguration;
			buildSettings = {
				ALWAYS_SEARCH_USER_PATHS = NO;
				CLANG_ANALYZER_NONNULL = YES;
				CLANG_CXX_LANGUAGE_STANDARD = "gnu++0x";
				CLANG_CXX_LIBRARY = "libc++";
				CLANG_ENABLE_MODULES = YES;
				CLANG_ENABLE_OBJC_ARC = YES;
				CLANG_WARN_BOOL_CONVERSION = YES;
				CLANG_WARN_CONSTANT_CONVERSION = YES;
				CLANG_WARN_DIRECT_OBJC_ISA_USAGE = YES_ERROR;
				CLANG_WARN_EMPTY_BODY = YES;
				CLANG_WARN_ENUM_CONVERSION = YES;
				CLANG_WARN_INT_CONVERSION = YES;
				CLANG_WARN_OBJC_ROOT_CLASS = YES_ERROR;
				CLANG_WARN_UNREACHABLE_CODE = YES;
				CLANG_WARN__DUPLICATE_METHOD_MATCH = YES;
				"CODE_SIGN_IDENTITY[sdk=iphoneos*]" = "iPhone Developer";
				COPY_PHASE_STRIP = NO;
				DEBUG_INFORMATION_FORMAT = "dwarf-with-dsym";
				ENABLE_NS_ASSERTIONS = NO;
				ENABLE_STRICT_OBJC_MSGSEND = YES;
				GCC_C_LANGUAGE_STANDARD = gnu99;
				GCC_NO_COMMON_BLOCKS = YES;
				GCC_WARN_64_TO_32_BIT_CONVERSION = YES;
				GCC_WARN_ABOUT_RETURN_TYPE = YES_ERROR;
				GCC_WARN_UNDECLARED_SELECTOR = YES;
				GCC_WARN_UNINITIALIZED_AUTOS = YES_AGGRESSIVE;
				GCC_WARN_UNUSED_FUNCTION = YES;
				GCC_WARN_UNUSED_VARIABLE = YES;
				IPHONEOS_DEPLOYMENT_TARGET = 9.3;
				MTL_ENABLE_DEBUG_INFO = NO;
				SDKROOT = iphoneos;
				VALIDATE_PRODUCT = YES;
			};
			name = Release;
		};
		38F554E81D3DFD09008F0621 /* Debug */ = {
			isa = XCBuildConfiguration;
			buildSettings = {
				ASSETCATALOG_COMPILER_APPICON_NAME = AppIcon;
				INFOPLIST_FILE = URLsessionSample/Info.plist;
				LD_RUNPATH_SEARCH_PATHS = "$(inherited) @executable_path/Frameworks";
				PRODUCT_BUNDLE_IDENTIFIER = com.Jyoti.URLsessionSample;
				PRODUCT_NAME = "$(TARGET_NAME)";
			};
			name = Debug;
		};
		38F554E91D3DFD09008F0621 /* Release */ = {
			isa = XCBuildConfiguration;
			buildSettings = {
				ASSETCATALOG_COMPILER_APPICON_NAME = AppIcon;
				INFOPLIST_FILE = URLsessionSample/Info.plist;
				LD_RUNPATH_SEARCH_PATHS = "$(inherited) @executable_path/Frameworks";
				PRODUCT_BUNDLE_IDENTIFIER = com.Jyoti.URLsessionSample;
				PRODUCT_NAME = "$(TARGET_NAME)";
			};
			name = Release;
		};
/* End XCBuildConfiguration section */

/* Begin XCConfigurationList section */
		38F554D01D3DFD08008F0621 /* Build configuration list for PBXProject "URLsessionSample" */ = {
			isa = XCConfigurationList;
			buildConfigurations = (
				38F554E51D3DFD08008F0621 /* Debug */,
				38F554E61D3DFD08008F0621 /* Release */,
			);
			defaultConfigurationIsVisible = 0;
			defaultConfigurationName = Release;
		};
		38F554E71D3DFD09008F0621 /* Build configuration list for PBXNativeTarget "URLsessionSample" */ = {
			isa = XCConfigurationList;
			buildConfigurations = (
				38F554E81D3DFD09008F0621 /* Debug */,
				38F554E91D3DFD09008F0621 /* Release */,
			);
			defaultConfigurationIsVisible = 0;
		};
/* End XCConfigurationList section */
	};
	rootObject = 38F554CD1D3DFD08008F0621 /* Project object */;
}
